
Microsoft Visual Studio Solution File, Format Version 12.00
# Visual Studio Version 16
VisualStudioVersion = 16.0.29519.87
MinimumVisualStudioVersion = 10.0.40219.1
Project("{888888A0-9F3D-457C-B088-3A5042F75D52}") = "Sudoku_", "Sudoku_.pyproj", "{3C3742D0-AEE2-4A61-99CC-41B52379738B}"
EndProject
Global
	GlobalSection(SolutionConfigurationPlatforms) = preSolution
		Debug|Any CPU = Debug|Any CPU
		Release|Any CPU = Release|Any CPU
	EndGlobalSection
	GlobalSection(ProjectConfigurationPlatforms) = postSolution
		{3C3742D0-AEE2-4A61-99CC-41B52379738B}.Debug|Any CPU.ActiveCfg = Debug|Any CPU
		{3C3742D0-AEE2-4A61-99CC-41B52379738B}.Debug|Any CPU.Build.0 = Debug|Any CPU
		{3C3742D0-AEE2-4A61-99CC-41B52379738B}.Release|Any CPU.ActiveCfg = Release|Any CPU
		{3C3742D0-AEE2-4A61-99CC-41B52379738B}.Release|Any CPU.Build.0 = Release|Any CPU
	EndGlobalSection
	GlobalSection(SolutionProperties) = preSolution
		HideSolutionNode = FALSE
	EndGlobalSection
	GlobalSection(ExtensibilityGlobals) = postSolution
		SolutionGuid = {4A36E514-17FD-4DD5-9B39-3CAF45AB372B}
	EndGlobalSection
EndGlobal
